
Microsoft Visual Studio Solution File, Format Version 12.00
# Visual Studio 15
VisualStudioVersion = 15.0.27130.2027
MinimumVisualStudioVersion = 10.0.40219.1
Project("{FAE04EC0-301F-11D3-BF4B-00C04F79EFBC}") = "DesignAutomationHandler", "DesignAutomationHandler\DesignAutomationHandler.csproj", "{11B8CC20-DB3B-40D1-81D6-9C87D71B154E}"
EndProject
Global
	GlobalSection(SolutionConfigurationPlatforms) = preSolution
		Debug|Any CPU = Debug|Any CPU
		Release|Any CPU = Release|Any CPU
	EndGlobalSection
	GlobalSection(ProjectConfigurationPlatforms) = postSolution
		{11B8CC20-DB3B-40D1-81D6-9C87D71B154E}.Debug|Any CPU.ActiveCfg = Debug|Any CPU
		{11B8CC20-DB3B-40D1-81D6-9C87D71B154E}.Debug|Any CPU.Build.0 = Debug|Any CPU
		{11B8CC20-DB3B-40D1-81D6-9C87D71B154E}.Release|Any CPU.ActiveCfg = Release|Any CPU
		{11B8CC20-DB3B-40D1-81D6-9C87D71B154E}.Release|Any CPU.Build.0 = Release|Any CPU
	EndGlobalSection
	GlobalSection(SolutionProperties) = preSolution
		HideSolutionNode = FALSE
	EndGlobalSection
	GlobalSection(ExtensibilityGlobals) = postSolution
		SolutionGuid = {8413F779-04D2-49F8-AFB2-185E6E619603}
	EndGlobalSection
EndGlobal
